
Microsoft Visual Studio Solution File, Format Version 12.00
# Visual Studio 2012
Project("{CC5FD16D-436D-48AD-A40C-5A424C6E3E79}") = "mphrase", "mphrase\mphrase.ccproj", "{E38DC8FE-0829-4EA4-B9F9-C4D9E222F31B}"
EndProject
Project("{FAE04EC0-301F-11D3-BF4B-00C04F79EFBC}") = "mphraseWebRole", "web\mphraseWebRole\mphraseWebRole.csproj", "{31DF88AA-F98C-46CC-9BF6-722C4EE93E77}"
EndProject
Project("{FAE04EC0-301F-11D3-BF4B-00C04F79EFBC}") = "mphraseWebRole.Tests", "test\mphraseWebRole.Tests\mphraseWebRole.Tests.csproj", "{16691871-844A-4F0F-9BF9-C3F0C141678F}"
EndProject
Project("{2150E333-8FDC-42A3-9474-1A3956D46DE8}") = "config", "config", "{411B503A-FC93-4779-A62B-55FF8ED78787}"
	ProjectSection(SolutionItems) = preProject
		.gitignore = .gitignore
		nuget.config = nuget.config
		package.json = package.json
		README.md = README.md
	EndProjectSection
EndProject
Project("{2150E333-8FDC-42A3-9474-1A3956D46DE8}") = "web", "web", "{4912F506-8B35-42B9-80CB-36BBCF9BBE6D}"
EndProject
Project("{2150E333-8FDC-42A3-9474-1A3956D46DE8}") = "test", "test", "{DBB68356-42FD-45F4-B491-569B0C481316}"
EndProject
Project("{2150E333-8FDC-42A3-9474-1A3956D46DE8}") = "assets", "assets", "{AF88305C-0D74-4026-B9FF-73750A2066FE}"
EndProject
Project("{FAE04EC0-301F-11D3-BF4B-00C04F79EFBC}") = "mphraseAssets", "assets\mphraseAssets.csproj", "{BC6D1812-9E2E-4EAE-AA9A-D9B48CC9E1E5}"
EndProject
Global
	GlobalSection(SolutionConfigurationPlatforms) = preSolution
		Debug|Any CPU = Debug|Any CPU
		Release|Any CPU = Release|Any CPU
	EndGlobalSection
	GlobalSection(ProjectConfigurationPlatforms) = postSolution
		{E38DC8FE-0829-4EA4-B9F9-C4D9E222F31B}.Debug|Any CPU.ActiveCfg = Debug|Any CPU
		{E38DC8FE-0829-4EA4-B9F9-C4D9E222F31B}.Debug|Any CPU.Build.0 = Debug|Any CPU
		{E38DC8FE-0829-4EA4-B9F9-C4D9E222F31B}.Release|Any CPU.ActiveCfg = Release|Any CPU
		{E38DC8FE-0829-4EA4-B9F9-C4D9E222F31B}.Release|Any CPU.Build.0 = Release|Any CPU
		{31DF88AA-F98C-46CC-9BF6-722C4EE93E77}.Debug|Any CPU.ActiveCfg = Debug|Any CPU
		{31DF88AA-F98C-46CC-9BF6-722C4EE93E77}.Debug|Any CPU.Build.0 = Debug|Any CPU
		{31DF88AA-F98C-46CC-9BF6-722C4EE93E77}.Release|Any CPU.ActiveCfg = Release|Any CPU
		{31DF88AA-F98C-46CC-9BF6-722C4EE93E77}.Release|Any CPU.Build.0 = Release|Any CPU
		{16691871-844A-4F0F-9BF9-C3F0C141678F}.Debug|Any CPU.ActiveCfg = Debug|Any CPU
		{16691871-844A-4F0F-9BF9-C3F0C141678F}.Debug|Any CPU.Build.0 = Debug|Any CPU
		{16691871-844A-4F0F-9BF9-C3F0C141678F}.Release|Any CPU.ActiveCfg = Release|Any CPU
		{16691871-844A-4F0F-9BF9-C3F0C141678F}.Release|Any CPU.Build.0 = Release|Any CPU
		{BC6D1812-9E2E-4EAE-AA9A-D9B48CC9E1E5}.Debug|Any CPU.ActiveCfg = Debug|Any CPU
		{BC6D1812-9E2E-4EAE-AA9A-D9B48CC9E1E5}.Debug|Any CPU.Build.0 = Debug|Any CPU
		{BC6D1812-9E2E-4EAE-AA9A-D9B48CC9E1E5}.Release|Any CPU.ActiveCfg = Release|Any CPU
		{BC6D1812-9E2E-4EAE-AA9A-D9B48CC9E1E5}.Release|Any CPU.Build.0 = Release|Any CPU
	EndGlobalSection
	GlobalSection(SolutionProperties) = preSolution
		HideSolutionNode = FALSE
	EndGlobalSection
	GlobalSection(NestedProjects) = preSolution
		{31DF88AA-F98C-46CC-9BF6-722C4EE93E77} = {4912F506-8B35-42B9-80CB-36BBCF9BBE6D}
		{16691871-844A-4F0F-9BF9-C3F0C141678F} = {DBB68356-42FD-45F4-B491-569B0C481316}
		{BC6D1812-9E2E-4EAE-AA9A-D9B48CC9E1E5} = {AF88305C-0D74-4026-B9FF-73750A2066FE}
	EndGlobalSection
EndGlobal
